
Microsoft Visual Studio Solution File, Format Version 12.00
# Visual Studio Version 16
VisualStudioVersion = 16.0.30907.101
MinimumVisualStudioVersion = 10.0.40219.1
Project("{FAE04EC0-301F-11D3-BF4B-00C04F79EFBC}") = "Questor.Android", "Questor.Android\Questor.Android.csproj", "{6CD56163-F3B0-4722-ACA9-A06BC6110E81}"
EndProject
Project("{FAE04EC0-301F-11D3-BF4B-00C04F79EFBC}") = "Questor", "Questor\Questor.csproj", "{A4AB93E1-F761-45A6-BE1D-FA9B0993BDE0}"
EndProject
Global
	GlobalSection(SolutionConfigurationPlatforms) = preSolution
		Debug|Any CPU = Debug|Any CPU
		Release|Any CPU = Release|Any CPU
	EndGlobalSection
	GlobalSection(ProjectConfigurationPlatforms) = postSolution
		{6CD56163-F3B0-4722-ACA9-A06BC6110E81}.Debug|Any CPU.ActiveCfg = Debug|Any CPU
		{6CD56163-F3B0-4722-ACA9-A06BC6110E81}.Debug|Any CPU.Build.0 = Debug|Any CPU
		{6CD56163-F3B0-4722-ACA9-A06BC6110E81}.Debug|Any CPU.Deploy.0 = Debug|Any CPU
		{6CD56163-F3B0-4722-ACA9-A06BC6110E81}.Release|Any CPU.ActiveCfg = Release|Any CPU
		{6CD56163-F3B0-4722-ACA9-A06BC6110E81}.Release|Any CPU.Build.0 = Release|Any CPU
		{6CD56163-F3B0-4722-ACA9-A06BC6110E81}.Release|Any CPU.Deploy.0 = Release|Any CPU
		{A4AB93E1-F761-45A6-BE1D-FA9B0993BDE0}.Debug|Any CPU.ActiveCfg = Debug|Any CPU
		{A4AB93E1-F761-45A6-BE1D-FA9B0993BDE0}.Debug|Any CPU.Build.0 = Debug|Any CPU
		{A4AB93E1-F761-45A6-BE1D-FA9B0993BDE0}.Debug|Any CPU.Deploy.0 = Debug|Any CPU
		{A4AB93E1-F761-45A6-BE1D-FA9B0993BDE0}.Release|Any CPU.ActiveCfg = Release|Any CPU
		{A4AB93E1-F761-45A6-BE1D-FA9B0993BDE0}.Release|Any CPU.Build.0 = Release|Any CPU
		{A4AB93E1-F761-45A6-BE1D-FA9B0993BDE0}.Release|Any CPU.Deploy.0 = Release|Any CPU
	EndGlobalSection
	GlobalSection(SolutionProperties) = preSolution
		HideSolutionNode = FALSE
	EndGlobalSection
	GlobalSection(ExtensibilityGlobals) = postSolution
		SolutionGuid = {1A6B1887-3D11-40EE-A692-CC6B56737D81}
	EndGlobalSection
EndGlobal
